{
  "pins" : [
    {
      "identity" : "wrappinghstack",
      "kind" : "remoteSourceControl",
      "location" : "https://github.com/dkk/WrappingHStack",
      "state" : {
        "revision" : "52eaad02c6a621b9bb5cd56acde94f802ef669f0",
        "version" : "2.2.4"
      }
    }
  ],
  "version" : 2
}
